
Microsoft Visual Studio Solution File, Format Version 12.00
# Visual Studio Version 16
VisualStudioVersion = 16.0.30804.86
MinimumVisualStudioVersion = 10.0.40219.1
Project("{FAE04EC0-301F-11D3-BF4B-00C04F79EFBC}") = "method_quiz", "method_quiz.csproj", "{1A8F2335-D4F5-41B2-93BE-9D99CDB524D2}"
EndProject
Global
	GlobalSection(SolutionConfigurationPlatforms) = preSolution
		Debug|Any CPU = Debug|Any CPU
		Release|Any CPU = Release|Any CPU
	EndGlobalSection
	GlobalSection(ProjectConfigurationPlatforms) = postSolution
		{1A8F2335-D4F5-41B2-93BE-9D99CDB524D2}.Debug|Any CPU.ActiveCfg = Debug|Any CPU
		{1A8F2335-D4F5-41B2-93BE-9D99CDB524D2}.Debug|Any CPU.Build.0 = Debug|Any CPU
		{1A8F2335-D4F5-41B2-93BE-9D99CDB524D2}.Release|Any CPU.ActiveCfg = Release|Any CPU
		{1A8F2335-D4F5-41B2-93BE-9D99CDB524D2}.Release|Any CPU.Build.0 = Release|Any CPU
	EndGlobalSection
	GlobalSection(SolutionProperties) = preSolution
		HideSolutionNode = FALSE
	EndGlobalSection
	GlobalSection(ExtensibilityGlobals) = postSolution
		SolutionGuid = {3EF9259A-4B11-44A8-89F1-2A21C42EDB2D}
	EndGlobalSection
EndGlobal
