
Microsoft Visual Studio Solution File, Format Version 12.00
# Visual Studio Version 16
VisualStudioVersion = 16.0.31019.35
MinimumVisualStudioVersion = 10.0.40219.1
Project("{FAE04EC0-301F-11D3-BF4B-00C04F79EFBC}") = "oopCar", "oopCar.csproj", "{9367DFA1-1EE0-441A-9BF8-843C2C9F12D7}"
EndProject
Global
	GlobalSection(SolutionConfigurationPlatforms) = preSolution
		Debug|Any CPU = Debug|Any CPU
		Release|Any CPU = Release|Any CPU
	EndGlobalSection
	GlobalSection(ProjectConfigurationPlatforms) = postSolution
		{9367DFA1-1EE0-441A-9BF8-843C2C9F12D7}.Debug|Any CPU.ActiveCfg = Debug|Any CPU
		{9367DFA1-1EE0-441A-9BF8-843C2C9F12D7}.Debug|Any CPU.Build.0 = Debug|Any CPU
		{9367DFA1-1EE0-441A-9BF8-843C2C9F12D7}.Release|Any CPU.ActiveCfg = Release|Any CPU
		{9367DFA1-1EE0-441A-9BF8-843C2C9F12D7}.Release|Any CPU.Build.0 = Release|Any CPU
	EndGlobalSection
	GlobalSection(SolutionProperties) = preSolution
		HideSolutionNode = FALSE
	EndGlobalSection
	GlobalSection(ExtensibilityGlobals) = postSolution
		SolutionGuid = {A37B8B51-91B5-4768-A030-1524AF6C56CF}
	EndGlobalSection
EndGlobal
