
Microsoft Visual Studio Solution File, Format Version 12.00
# Visual Studio Version 16
VisualStudioVersion = 16.0.30804.86
MinimumVisualStudioVersion = 10.0.40219.1
Project("{FAE04EC0-301F-11D3-BF4B-00C04F79EFBC}") = "lab5_method Tutorial_q7", "lab5_method Tutorial_q7.csproj", "{A6743210-9040-4803-8E1A-5AB993138CBC}"
EndProject
Global
	GlobalSection(SolutionConfigurationPlatforms) = preSolution
		Debug|Any CPU = Debug|Any CPU
		Release|Any CPU = Release|Any CPU
	EndGlobalSection
	GlobalSection(ProjectConfigurationPlatforms) = postSolution
		{A6743210-9040-4803-8E1A-5AB993138CBC}.Debug|Any CPU.ActiveCfg = Debug|Any CPU
		{A6743210-9040-4803-8E1A-5AB993138CBC}.Debug|Any CPU.Build.0 = Debug|Any CPU
		{A6743210-9040-4803-8E1A-5AB993138CBC}.Release|Any CPU.ActiveCfg = Release|Any CPU
		{A6743210-9040-4803-8E1A-5AB993138CBC}.Release|Any CPU.Build.0 = Release|Any CPU
	EndGlobalSection
	GlobalSection(SolutionProperties) = preSolution
		HideSolutionNode = FALSE
	EndGlobalSection
	GlobalSection(ExtensibilityGlobals) = postSolution
		SolutionGuid = {0EE15D24-482F-4CF7-8993-D590EBF27F1A}
	EndGlobalSection
EndGlobal
