
Microsoft Visual Studio Solution File, Format Version 12.00
# Visual Studio Version 16
VisualStudioVersion = 16.0.31005.135
MinimumVisualStudioVersion = 10.0.40219.1
Project("{FAE04EC0-301F-11D3-BF4B-00C04F79EFBC}") = "lab_10_more_string_handling", "lab_10_more_string_handling.csproj", "{8B5B14E6-E233-4464-9999-9B7CB07CCCA2}"
EndProject
Global
	GlobalSection(SolutionConfigurationPlatforms) = preSolution
		Debug|Any CPU = Debug|Any CPU
		Release|Any CPU = Release|Any CPU
	EndGlobalSection
	GlobalSection(ProjectConfigurationPlatforms) = postSolution
		{8B5B14E6-E233-4464-9999-9B7CB07CCCA2}.Debug|Any CPU.ActiveCfg = Debug|Any CPU
		{8B5B14E6-E233-4464-9999-9B7CB07CCCA2}.Debug|Any CPU.Build.0 = Debug|Any CPU
		{8B5B14E6-E233-4464-9999-9B7CB07CCCA2}.Release|Any CPU.ActiveCfg = Release|Any CPU
		{8B5B14E6-E233-4464-9999-9B7CB07CCCA2}.Release|Any CPU.Build.0 = Release|Any CPU
	EndGlobalSection
	GlobalSection(SolutionProperties) = preSolution
		HideSolutionNode = FALSE
	EndGlobalSection
	GlobalSection(ExtensibilityGlobals) = postSolution
		SolutionGuid = {64EB9690-ADEB-4CD7-A804-56B82669F364}
	EndGlobalSection
EndGlobal
