
Microsoft Visual Studio Solution File, Format Version 12.00
# Visual Studio Version 16
VisualStudioVersion = 16.0.31019.35
MinimumVisualStudioVersion = 10.0.40219.1
Project("{FAE04EC0-301F-11D3-BF4B-00C04F79EFBC}") = "year1_sem2_CA4", "year1_sem2_CA4.csproj", "{2121326D-4510-4DEB-86E0-3D954C75FF65}"
EndProject
Global
	GlobalSection(SolutionConfigurationPlatforms) = preSolution
		Debug|Any CPU = Debug|Any CPU
		Release|Any CPU = Release|Any CPU
	EndGlobalSection
	GlobalSection(ProjectConfigurationPlatforms) = postSolution
		{2121326D-4510-4DEB-86E0-3D954C75FF65}.Debug|Any CPU.ActiveCfg = Debug|Any CPU
		{2121326D-4510-4DEB-86E0-3D954C75FF65}.Debug|Any CPU.Build.0 = Debug|Any CPU
		{2121326D-4510-4DEB-86E0-3D954C75FF65}.Release|Any CPU.ActiveCfg = Release|Any CPU
		{2121326D-4510-4DEB-86E0-3D954C75FF65}.Release|Any CPU.Build.0 = Release|Any CPU
	EndGlobalSection
	GlobalSection(SolutionProperties) = preSolution
		HideSolutionNode = FALSE
	EndGlobalSection
	GlobalSection(ExtensibilityGlobals) = postSolution
		SolutionGuid = {D3CEC3A4-EA69-4B6B-BF0E-336E766CDEC2}
	EndGlobalSection
EndGlobal
