
Microsoft Visual Studio Solution File, Format Version 12.00
# Visual Studio Version 16
VisualStudioVersion = 16.0.30804.86
MinimumVisualStudioVersion = 10.0.40219.1
Project("{FAE04EC0-301F-11D3-BF4B-00C04F79EFBC}") = "Lab6_method_arrays", "Lab6_method_arrays.csproj", "{35D7CCC4-B8BC-4BC4-BEB2-FF55E4DF545B}"
EndProject
Global
	GlobalSection(SolutionConfigurationPlatforms) = preSolution
		Debug|Any CPU = Debug|Any CPU
		Release|Any CPU = Release|Any CPU
	EndGlobalSection
	GlobalSection(ProjectConfigurationPlatforms) = postSolution
		{35D7CCC4-B8BC-4BC4-BEB2-FF55E4DF545B}.Debug|Any CPU.ActiveCfg = Debug|Any CPU
		{35D7CCC4-B8BC-4BC4-BEB2-FF55E4DF545B}.Debug|Any CPU.Build.0 = Debug|Any CPU
		{35D7CCC4-B8BC-4BC4-BEB2-FF55E4DF545B}.Release|Any CPU.ActiveCfg = Release|Any CPU
		{35D7CCC4-B8BC-4BC4-BEB2-FF55E4DF545B}.Release|Any CPU.Build.0 = Release|Any CPU
	EndGlobalSection
	GlobalSection(SolutionProperties) = preSolution
		HideSolutionNode = FALSE
	EndGlobalSection
	GlobalSection(ExtensibilityGlobals) = postSolution
		SolutionGuid = {5B6B30BE-6CE7-4511-A023-C83F509FEE7E}
	EndGlobalSection
EndGlobal
