
Microsoft Visual Studio Solution File, Format Version 12.00
# Visual Studio Version 16
VisualStudioVersion = 16.0.31019.35
MinimumVisualStudioVersion = 10.0.40219.1
Project("{FAE04EC0-301F-11D3-BF4B-00C04F79EFBC}") = "lab14_opp", "lab14_opp.csproj", "{8F6BA193-46B4-467E-908D-F713D91A38D7}"
EndProject
Global
	GlobalSection(SolutionConfigurationPlatforms) = preSolution
		Debug|Any CPU = Debug|Any CPU
		Release|Any CPU = Release|Any CPU
	EndGlobalSection
	GlobalSection(ProjectConfigurationPlatforms) = postSolution
		{8F6BA193-46B4-467E-908D-F713D91A38D7}.Debug|Any CPU.ActiveCfg = Debug|Any CPU
		{8F6BA193-46B4-467E-908D-F713D91A38D7}.Debug|Any CPU.Build.0 = Debug|Any CPU
		{8F6BA193-46B4-467E-908D-F713D91A38D7}.Release|Any CPU.ActiveCfg = Release|Any CPU
		{8F6BA193-46B4-467E-908D-F713D91A38D7}.Release|Any CPU.Build.0 = Release|Any CPU
	EndGlobalSection
	GlobalSection(SolutionProperties) = preSolution
		HideSolutionNode = FALSE
	EndGlobalSection
	GlobalSection(ExtensibilityGlobals) = postSolution
		SolutionGuid = {CE37BEE7-41A7-45B2-8710-9BE71011861A}
	EndGlobalSection
EndGlobal
