
Microsoft Visual Studio Solution File, Format Version 12.00
# Visual Studio Version 16
VisualStudioVersion = 16.0.31229.75
MinimumVisualStudioVersion = 10.0.40219.1
Project("{FAE04EC0-301F-11D3-BF4B-00C04F79EFBC}") = "Lab8_q1_v2.0", "Lab8_q1_v2.0.csproj", "{7F27DF65-FE50-46CD-B716-D859F5AD6395}"
EndProject
Global
	GlobalSection(SolutionConfigurationPlatforms) = preSolution
		Debug|Any CPU = Debug|Any CPU
		Release|Any CPU = Release|Any CPU
	EndGlobalSection
	GlobalSection(ProjectConfigurationPlatforms) = postSolution
		{7F27DF65-FE50-46CD-B716-D859F5AD6395}.Debug|Any CPU.ActiveCfg = Debug|Any CPU
		{7F27DF65-FE50-46CD-B716-D859F5AD6395}.Debug|Any CPU.Build.0 = Debug|Any CPU
		{7F27DF65-FE50-46CD-B716-D859F5AD6395}.Release|Any CPU.ActiveCfg = Release|Any CPU
		{7F27DF65-FE50-46CD-B716-D859F5AD6395}.Release|Any CPU.Build.0 = Release|Any CPU
	EndGlobalSection
	GlobalSection(SolutionProperties) = preSolution
		HideSolutionNode = FALSE
	EndGlobalSection
	GlobalSection(ExtensibilityGlobals) = postSolution
		SolutionGuid = {4FE479E0-7349-4783-BBAA-106CE4C2AAC7}
	EndGlobalSection
EndGlobal
